// !$*UTF8*$!
{
	archiveVersion = 1;
	classes = {
	};
	objectVersion = 46;
	objects = {

/* Begin PBXBuildFile section */
		672E62A714E19ED600BD0F15 /* UIKit.framework in Frameworks */ = {isa = PBXBuildFile; fileRef = 672E62A614E19ED600BD0F15 /* UIKit.framework */; };
		672E62A914E19ED600BD0F15 /* Foundation.framework in Frameworks */ = {isa = PBXBuildFile; fileRef = 672E62A814E19ED600BD0F15 /* Foundation.framework */; };
		672E62AB14E19ED600BD0F15 /* CoreGraphics.framework in Frameworks */ = {isa = PBXBuildFile; fileRef = 672E62AA14E19ED600BD0F15 /* CoreGraphics.framework */; };
		672E62B114E19ED600BD0F15 /* InfoPlist.strings in Resources */ = {isa = PBXBuildFile; fileRef = 672E62AF14E19ED600BD0F15 /* InfoPlist.strings */; };
		672E62B314E19ED600BD0F15 /* main.m in Sources */ = {isa = PBXBuildFile; fileRef = 672E62B214E19ED600BD0F15 /* main.m */; };
		672E62B714E19ED600BD0F15 /* MJAppDelegate.m in Sources */ = {isa = PBXBuildFile; fileRef = 672E62B614E19ED600BD0F15 /* MJAppDelegate.m */; };
		672E62BA14E19ED700BD0F15 /* MainStoryboard_iPad.storyboard in Resources */ = {isa = PBXBuildFile; fileRef = 672E62B814E19ED700BD0F15 /* MainStoryboard_iPad.storyboard */; };
		672E62BD14E19ED700BD0F15 /* MJViewController.m in Sources */ = {isa = PBXBuildFile; fileRef = 672E62BC14E19ED700BD0F15 /* MJViewController.m */; };
		672E62C514E19ED700BD0F15 /* SenTestingKit.framework in Frameworks */ = {isa = PBXBuildFile; fileRef = 672E62C414E19ED700BD0F15 /* SenTestingKit.framework */; };
		672E62C614E19ED700BD0F15 /* UIKit.framework in Frameworks */ = {isa = PBXBuildFile; fileRef = 672E62A614E19ED600BD0F15 /* UIKit.framework */; };
		672E62C714E19ED700BD0F15 /* Foundation.framework in Frameworks */ = {isa = PBXBuildFile; fileRef = 672E62A814E19ED600BD0F15 /* Foundation.framework */; };
		672E62CF14E19ED700BD0F15 /* InfoPlist.strings in Resources */ = {isa = PBXBuildFile; fileRef = 672E62CD14E19ED700BD0F15 /* InfoPlist.strings */; };
		672E62D214E19ED700BD0F15 /* MAKJAMTests.m in Sources */ = {isa = PBXBuildFile; fileRef = 672E62D114E19ED700BD0F15 /* MAKJAMTests.m */; };
		672E62DD14E1A10D00BD0F15 /* MJPiece.m in Sources */ = {isa = PBXBuildFile; fileRef = 672E62DC14E1A10D00BD0F15 /* MJPiece.m */; };
		672E62E014E1A12B00BD0F15 /* MJToolbar.m in Sources */ = {isa = PBXBuildFile; fileRef = 672E62DF14E1A12B00BD0F15 /* MJToolbar.m */; };
		672E62E314E1A13D00BD0F15 /* MJBoard.m in Sources */ = {isa = PBXBuildFile; fileRef = 672E62E214E1A13D00BD0F15 /* MJBoard.m */; };
		6793E9A114E3504300FABC2F /* down_left.png in Resources */ = {isa = PBXBuildFile; fileRef = 6793E99914E3504300FABC2F /* down_left.png */; };
		6793E9A214E3504300FABC2F /* down_right.png in Resources */ = {isa = PBXBuildFile; fileRef = 6793E99A14E3504300FABC2F /* down_right.png */; };
		6793E9A314E3504300FABC2F /* left_down.png in Resources */ = {isa = PBXBuildFile; fileRef = 6793E99B14E3504300FABC2F /* left_down.png */; };
		6793E9A414E3504300FABC2F /* left_up.png in Resources */ = {isa = PBXBuildFile; fileRef = 6793E99C14E3504300FABC2F /* left_up.png */; };
		6793E9A514E3504300FABC2F /* right_down.png in Resources */ = {isa = PBXBuildFile; fileRef = 6793E99D14E3504300FABC2F /* right_down.png */; };
		6793E9A614E3504300FABC2F /* right_up.png in Resources */ = {isa = PBXBuildFile; fileRef = 6793E99E14E3504300FABC2F /* right_up.png */; };
		6793E9A714E3504300FABC2F /* up_left.png in Resources */ = {isa = PBXBuildFile; fileRef = 6793E99F14E3504300FABC2F /* up_left.png */; };
		6793E9A814E3504300FABC2F /* up_right.png in Resources */ = {isa = PBXBuildFile; fileRef = 6793E9A014E3504300FABC2F /* up_right.png */; };
		67C8C01514E5F78400CD488E /* MainStoryboard_iPhone.storyboard in Resources */ = {isa = PBXBuildFile; fileRef = 67C8C01314E5F78400CD488E /* MainStoryboard_iPhone.storyboard */; };
		67DF1B4C14E7307000649B1E /* GCHelper.m in Sources */ = {isa = PBXBuildFile; fileRef = 67DF1B4B14E7307000649B1E /* GCHelper.m */; };
		67DF1B4E14E7338000649B1E /* GameKit.framework in Frameworks */ = {isa = PBXBuildFile; fileRef = 67DF1B4D14E7338000649B1E /* GameKit.framework */; };
/* End PBXBuildFile section */

/* Begin PBXContainerItemProxy section */
		672E62C814E19ED700BD0F15 /* PBXContainerItemProxy */ = {
			isa = PBXContainerItemProxy;
			containerPortal = 672E629914E19ED600BD0F15 /* Project object */;
			proxyType = 1;
			remoteGlobalIDString = 672E62A114E19ED600BD0F15;
			remoteInfo = MAKJAM;
		};
/* End PBXContainerItemProxy section */

/* Begin PBXFileReference section */
		672E62A214E19ED600BD0F15 /* MAKJAM.app */ = {isa = PBXFileReference; explicitFileType = wrapper.application; includeInIndex = 0; path = MAKJAM.app; sourceTree = BUILT_PRODUCTS_DIR; };
		672E62A614E19ED600BD0F15 /* UIKit.framework */ = {isa = PBXFileReference; lastKnownFileType = wrapper.framework; name = UIKit.framework; path = System/Library/Frameworks/UIKit.framework; sourceTree = SDKROOT; };
		672E62A814E19ED600BD0F15 /* Foundation.framework */ = {isa = PBXFileReference; lastKnownFileType = wrapper.framework; name = Foundation.framework; path = System/Library/Frameworks/Foundation.framework; sourceTree = SDKROOT; };
		672E62AA14E19ED600BD0F15 /* CoreGraphics.framework */ = {isa = PBXFileReference; lastKnownFileType = wrapper.framework; name = CoreGraphics.framework; path = System/Library/Frameworks/CoreGraphics.framework; sourceTree = SDKROOT; };
		672E62AE14E19ED600BD0F15 /* MAKJAM-Info.plist */ = {isa = PBXFileReference; lastKnownFileType = text.plist.xml; path = "MAKJAM-Info.plist"; sourceTree = "<group>"; };
		672E62B014E19ED600BD0F15 /* en */ = {isa = PBXFileReference; lastKnownFileType = text.plist.strings; name = en; path = en.lproj/InfoPlist.strings; sourceTree = "<group>"; };
		672E62B214E19ED600BD0F15 /* main.m */ = {isa = PBXFileReference; lastKnownFileType = sourcecode.c.objc; path = main.m; sourceTree = "<group>"; };
		672E62B414E19ED600BD0F15 /* MAKJAM-Prefix.pch */ = {isa = PBXFileReference; lastKnownFileType = sourcecode.c.h; path = "MAKJAM-Prefix.pch"; sourceTree = "<group>"; };
		672E62B514E19ED600BD0F15 /* MJAppDelegate.h */ = {isa = PBXFileReference; lastKnownFileType = sourcecode.c.h; path = MJAppDelegate.h; sourceTree = "<group>"; };
		672E62B614E19ED600BD0F15 /* MJAppDelegate.m */ = {isa = PBXFileReference; lastKnownFileType = sourcecode.c.objc; path = MJAppDelegate.m; sourceTree = "<group>"; };
		672E62B914E19ED700BD0F15 /* en */ = {isa = PBXFileReference; lastKnownFileType = file.storyboard; name = en; path = en.lproj/MainStoryboard_iPad.storyboard; sourceTree = "<group>"; };
		672E62BB14E19ED700BD0F15 /* MJViewController.h */ = {isa = PBXFileReference; lastKnownFileType = sourcecode.c.h; path = MJViewController.h; sourceTree = "<group>"; };
		672E62BC14E19ED700BD0F15 /* MJViewController.m */ = {isa = PBXFileReference; lastKnownFileType = sourcecode.c.objc; path = MJViewController.m; sourceTree = "<group>"; };
		672E62C314E19ED700BD0F15 /* MAKJAMTests.octest */ = {isa = PBXFileReference; explicitFileType = wrapper.cfbundle; includeInIndex = 0; path = MAKJAMTests.octest; sourceTree = BUILT_PRODUCTS_DIR; };
		672E62C414E19ED700BD0F15 /* SenTestingKit.framework */ = {isa = PBXFileReference; lastKnownFileType = wrapper.framework; name = SenTestingKit.framework; path = Library/Frameworks/SenTestingKit.framework; sourceTree = DEVELOPER_DIR; };
		672E62CC14E19ED700BD0F15 /* MAKJAMTests-Info.plist */ = {isa = PBXFileReference; lastKnownFileType = text.plist.xml; path = "MAKJAMTests-Info.plist"; sourceTree = "<group>"; };
		672E62CE14E19ED700BD0F15 /* en */ = {isa = PBXFileReference; lastKnownFileType = text.plist.strings; name = en; path = en.lproj/InfoPlist.strings; sourceTree = "<group>"; };
		672E62D014E19ED700BD0F15 /* MAKJAMTests.h */ = {isa = PBXFileReference; lastKnownFileType = sourcecode.c.h; path = MAKJAMTests.h; sourceTree = "<group>"; };
		672E62D114E19ED700BD0F15 /* MAKJAMTests.m */ = {isa = PBXFileReference; lastKnownFileType = sourcecode.c.objc; path = MAKJAMTests.m; sourceTree = "<group>"; };
		672E62DB14E1A10D00BD0F15 /* MJPiece.h */ = {isa = PBXFileReference; fileEncoding = 4; lastKnownFileType = sourcecode.c.h; path = MJPiece.h; sourceTree = "<group>"; };
		672E62DC14E1A10D00BD0F15 /* MJPiece.m */ = {isa = PBXFileReference; fileEncoding = 4; lastKnownFileType = sourcecode.c.objc; path = MJPiece.m; sourceTree = "<group>"; };
		672E62DE14E1A12A00BD0F15 /* MJToolbar.h */ = {isa = PBXFileReference; fileEncoding = 4; lastKnownFileType = sourcecode.c.h; path = MJToolbar.h; sourceTree = "<group>"; };
		672E62DF14E1A12B00BD0F15 /* MJToolbar.m */ = {isa = PBXFileReference; fileEncoding = 4; lastKnownFileType = sourcecode.c.objc; path = MJToolbar.m; sourceTree = "<group>"; };
		672E62E114E1A13D00BD0F15 /* MJBoard.h */ = {isa = PBXFileReference; fileEncoding = 4; lastKnownFileType = sourcecode.c.h; path = MJBoard.h; sourceTree = "<group>"; };
		672E62E214E1A13D00BD0F15 /* MJBoard.m */ = {isa = PBXFileReference; fileEncoding = 4; lastKnownFileType = sourcecode.c.objc; path = MJBoard.m; sourceTree = "<group>"; };
		672E62E414E1A28F00BD0F15 /* MJPieceDelegate.h */ = {isa = PBXFileReference; fileEncoding = 4; lastKnownFileType = sourcecode.c.h; path = MJPieceDelegate.h; sourceTree = "<group>"; };
		6793E99914E3504300FABC2F /* down_left.png */ = {isa = PBXFileReference; lastKnownFileType = image.png; path = down_left.png; sourceTree = "<group>"; };
		6793E99A14E3504300FABC2F /* down_right.png */ = {isa = PBXFileReference; lastKnownFileType = image.png; path = down_right.png; sourceTree = "<group>"; };
		6793E99B14E3504300FABC2F /* left_down.png */ = {isa = PBXFileReference; lastKnownFileType = image.png; path = left_down.png; sourceTree = "<group>"; };
		6793E99C14E3504300FABC2F /* left_up.png */ = {isa = PBXFileReference; lastKnownFileType = image.png; path = left_up.png; sourceTree = "<group>"; };
		6793E99D14E3504300FABC2F /* right_down.png */ = {isa = PBXFileReference; lastKnownFileType = image.png; path = right_down.png; sourceTree = "<group>"; };
		6793E99E14E3504300FABC2F /* right_up.png */ = {isa = PBXFileReference; lastKnownFileType = image.png; path = right_up.png; sourceTree = "<group>"; };
		6793E99F14E3504300FABC2F /* up_left.png */ = {isa = PBXFileReference; lastKnownFileType = image.png; path = up_left.png; sourceTree = "<group>"; };
		6793E9A014E3504300FABC2F /* up_right.png */ = {isa = PBXFileReference; lastKnownFileType = image.png; path = up_right.png; sourceTree = "<group>"; };
		67C8C01414E5F78400CD488E /* en */ = {isa = PBXFileReference; lastKnownFileType = file.storyboard; name = en; path = en.lproj/MainStoryboard_iPhone.storyboard; sourceTree = "<group>"; };
		67DF1B4A14E7307000649B1E /* GCHelper.h */ = {isa = PBXFileReference; fileEncoding = 4; lastKnownFileType = sourcecode.c.h; path = GCHelper.h; sourceTree = "<group>"; };
		67DF1B4B14E7307000649B1E /* GCHelper.m */ = {isa = PBXFileReference; fileEncoding = 4; lastKnownFileType = sourcecode.c.objc; path = GCHelper.m; sourceTree = "<group>"; };
		67DF1B4D14E7338000649B1E /* GameKit.framework */ = {isa = PBXFileReference; lastKnownFileType = wrapper.framework; name = GameKit.framework; path = System/Library/Frameworks/GameKit.framework; sourceTree = SDKROOT; };
/* End PBXFileReference section */

/* Begin PBXFrameworksBuildPhase section */
		672E629F14E19ED600BD0F15 /* Frameworks */ = {
			isa = PBXFrameworksBuildPhase;
			buildActionMask = 2147483647;
			files = (
				67DF1B4E14E7338000649B1E /* GameKit.framework in Frameworks */,
				672E62A714E19ED600BD0F15 /* UIKit.framework in Frameworks */,
				672E62A914E19ED600BD0F15 /* Foundation.framework in Frameworks */,
				672E62AB14E19ED600BD0F15 /* CoreGraphics.framework in Frameworks */,
			);
			runOnlyForDeploymentPostprocessing = 0;
		};
		672E62BF14E19ED700BD0F15 /* Frameworks */ = {
			isa = PBXFrameworksBuildPhase;
			buildActionMask = 2147483647;
			files = (
				672E62C514E19ED700BD0F15 /* SenTestingKit.framework in Frameworks */,
				672E62C614E19ED700BD0F15 /* UIKit.framework in Frameworks */,
				672E62C714E19ED700BD0F15 /* Foundation.framework in Frameworks */,
			);
			runOnlyForDeploymentPostprocessing = 0;
		};
/* End PBXFrameworksBuildPhase section */

/* Begin PBXGroup section */
		672E629714E19ED600BD0F15 = {
			isa = PBXGroup;
			children = (
				672E62AC14E19ED600BD0F15 /* MAKJAM */,
				672E62CA14E19ED700BD0F15 /* MAKJAMTests */,
				672E62A514E19ED600BD0F15 /* Frameworks */,
				672E62A314E19ED600BD0F15 /* Products */,
			);
			sourceTree = "<group>";
		};
		672E62A314E19ED600BD0F15 /* Products */ = {
			isa = PBXGroup;
			children = (
				672E62A214E19ED600BD0F15 /* MAKJAM.app */,
				672E62C314E19ED700BD0F15 /* MAKJAMTests.octest */,
			);
			name = Products;
			sourceTree = "<group>";
		};
		672E62A514E19ED600BD0F15 /* Frameworks */ = {
			isa = PBXGroup;
			children = (
				67DF1B4D14E7338000649B1E /* GameKit.framework */,
				672E62A614E19ED600BD0F15 /* UIKit.framework */,
				672E62A814E19ED600BD0F15 /* Foundation.framework */,
				672E62AA14E19ED600BD0F15 /* CoreGraphics.framework */,
				672E62C414E19ED700BD0F15 /* SenTestingKit.framework */,
			);
			name = Frameworks;
			sourceTree = "<group>";
		};
		672E62AC14E19ED600BD0F15 /* MAKJAM */ = {
			isa = PBXGroup;
			children = (
				672E62B514E19ED600BD0F15 /* MJAppDelegate.h */,
				672E62B614E19ED600BD0F15 /* MJAppDelegate.m */,
				672E62B814E19ED700BD0F15 /* MainStoryboard_iPad.storyboard */,
				67C8C01314E5F78400CD488E /* MainStoryboard_iPhone.storyboard */,
				672E62BB14E19ED700BD0F15 /* MJViewController.h */,
				672E62BC14E19ED700BD0F15 /* MJViewController.m */,
				672E62E414E1A28F00BD0F15 /* MJPieceDelegate.h */,
				672E62DB14E1A10D00BD0F15 /* MJPiece.h */,
				672E62DC14E1A10D00BD0F15 /* MJPiece.m */,
				672E62DE14E1A12A00BD0F15 /* MJToolbar.h */,
				672E62DF14E1A12B00BD0F15 /* MJToolbar.m */,
				672E62E114E1A13D00BD0F15 /* MJBoard.h */,
				672E62E214E1A13D00BD0F15 /* MJBoard.m */,
				67DF1B4A14E7307000649B1E /* GCHelper.h */,
				67DF1B4B14E7307000649B1E /* GCHelper.m */,
				672E62ED14E228CB00BD0F15 /* Piece Images */,
				672E62AD14E19ED600BD0F15 /* Supporting Files */,
			);
			path = MAKJAM;
			sourceTree = "<group>";
		};
		672E62AD14E19ED600BD0F15 /* Supporting Files */ = {
			isa = PBXGroup;
			children = (
				672E62AE14E19ED600BD0F15 /* MAKJAM-Info.plist */,
				672E62AF14E19ED600BD0F15 /* InfoPlist.strings */,
				672E62B214E19ED600BD0F15 /* main.m */,
				672E62B414E19ED600BD0F15 /* MAKJAM-Prefix.pch */,
			);
			name = "Supporting Files";
			sourceTree = "<group>";
		};
		672E62CA14E19ED700BD0F15 /* MAKJAMTests */ = {
			isa = PBXGroup;
			children = (
				672E62D014E19ED700BD0F15 /* MAKJAMTests.h */,
				672E62D114E19ED700BD0F15 /* MAKJAMTests.m */,
				672E62CB14E19ED700BD0F15 /* Supporting Files */,
			);
			path = MAKJAMTests;
			sourceTree = "<group>";
		};
		672E62CB14E19ED700BD0F15 /* Supporting Files */ = {
			isa = PBXGroup;
			children = (
				672E62CC14E19ED700BD0F15 /* MAKJAMTests-Info.plist */,
				672E62CD14E19ED700BD0F15 /* InfoPlist.strings */,
			);
			name = "Supporting Files";
			sourceTree = "<group>";
		};
		672E62ED14E228CB00BD0F15 /* Piece Images */ = {
			isa = PBXGroup;
			children = (
				6793E99914E3504300FABC2F /* down_left.png */,
				6793E99A14E3504300FABC2F /* down_right.png */,
				6793E99B14E3504300FABC2F /* left_down.png */,
				6793E99C14E3504300FABC2F /* left_up.png */,
				6793E99D14E3504300FABC2F /* right_down.png */,
				6793E99E14E3504300FABC2F /* right_up.png */,
				6793E99F14E3504300FABC2F /* up_left.png */,
				6793E9A014E3504300FABC2F /* up_right.png */,
			);
			name = "Piece Images";
			sourceTree = "<group>";
		};
/* End PBXGroup section */

/* Begin PBXNativeTarget section */
		672E62A114E19ED600BD0F15 /* MAKJAM */ = {
			isa = PBXNativeTarget;
			buildConfigurationList = 672E62D514E19ED700BD0F15 /* Build configuration list for PBXNativeTarget "MAKJAM" */;
			buildPhases = (
				672E629E14E19ED600BD0F15 /* Sources */,
				672E629F14E19ED600BD0F15 /* Frameworks */,
				672E62A014E19ED600BD0F15 /* Resources */,
			);
			buildRules = (
			);
			dependencies = (
			);
			name = MAKJAM;
			productName = MAKJAM;
			productReference = 672E62A214E19ED600BD0F15 /* MAKJAM.app */;
			productType = "com.apple.product-type.application";
		};
		672E62C214E19ED700BD0F15 /* MAKJAMTests */ = {
			isa = PBXNativeTarget;
			buildConfigurationList = 672E62D814E19ED700BD0F15 /* Build configuration list for PBXNativeTarget "MAKJAMTests" */;
			buildPhases = (
				672E62BE14E19ED700BD0F15 /* Sources */,
				672E62BF14E19ED700BD0F15 /* Frameworks */,
				672E62C014E19ED700BD0F15 /* Resources */,
				672E62C114E19ED700BD0F15 /* ShellScript */,
			);
			buildRules = (
			);
			dependencies = (
				672E62C914E19ED700BD0F15 /* PBXTargetDependency */,
			);
			name = MAKJAMTests;
			productName = MAKJAMTests;
			productReference = 672E62C314E19ED700BD0F15 /* MAKJAMTests.octest */;
			productType = "com.apple.product-type.bundle";
		};
/* End PBXNativeTarget section */

/* Begin PBXProject section */
		672E629914E19ED600BD0F15 /* Project object */ = {
			isa = PBXProject;
			attributes = {
				LastUpgradeCheck = 0420;
			};
			buildConfigurationList = 672E629C14E19ED600BD0F15 /* Build configuration list for PBXProject "MAKJAM" */;
			compatibilityVersion = "Xcode 3.2";
			developmentRegion = English;
			hasScannedForEncodings = 0;
			knownRegions = (
				en,
			);
			mainGroup = 672E629714E19ED600BD0F15;
			productRefGroup = 672E62A314E19ED600BD0F15 /* Products */;
			projectDirPath = "";
			projectRoot = "";
			targets = (
				672E62A114E19ED600BD0F15 /* MAKJAM */,
				672E62C214E19ED700BD0F15 /* MAKJAMTests */,
			);
		};
/* End PBXProject section */

/* Begin PBXResourcesBuildPhase section */
		672E62A014E19ED600BD0F15 /* Resources */ = {
			isa = PBXResourcesBuildPhase;
			buildActionMask = 2147483647;
			files = (
				672E62B114E19ED600BD0F15 /* InfoPlist.strings in Resources */,
				672E62BA14E19ED700BD0F15 /* MainStoryboard_iPad.storyboard in Resources */,
				6793E9A114E3504300FABC2F /* down_left.png in Resources */,
				6793E9A214E3504300FABC2F /* down_right.png in Resources */,
				6793E9A314E3504300FABC2F /* left_down.png in Resources */,
				6793E9A414E3504300FABC2F /* left_up.png in Resources */,
				6793E9A514E3504300FABC2F /* right_down.png in Resources */,
				6793E9A614E3504300FABC2F /* right_up.png in Resources */,
				6793E9A714E3504300FABC2F /* up_left.png in Resources */,
				6793E9A814E3504300FABC2F /* up_right.png in Resources */,
				67C8C01514E5F78400CD488E /* MainStoryboard_iPhone.storyboard in Resources */,
			);
			runOnlyForDeploymentPostprocessing = 0;
		};
		672E62C014E19ED700BD0F15 /* Resources */ = {
			isa = PBXResourcesBuildPhase;
			buildActionMask = 2147483647;
			files = (
				672E62CF14E19ED700BD0F15 /* InfoPlist.strings in Resources */,
			);
			runOnlyForDeploymentPostprocessing = 0;
		};
/* End PBXResourcesBuildPhase section */

/* Begin PBXShellScriptBuildPhase section */
		672E62C114E19ED700BD0F15 /* ShellScript */ = {
			isa = PBXShellScriptBuildPhase;
			buildActionMask = 2147483647;
			files = (
			);
			inputPaths = (
			);
			outputPaths = (
			);
			runOnlyForDeploymentPostprocessing = 0;
			shellPath = /bin/sh;
			shellScript = "# Run the unit tests in this test bundle.\n\"${SYSTEM_DEVELOPER_DIR}/Tools/RunUnitTests\"\n";
		};
/* End PBXShellScriptBuildPhase section */

/* Begin PBXSourcesBuildPhase section */
		672E629E14E19ED600BD0F15 /* Sources */ = {
			isa = PBXSourcesBuildPhase;
			buildActionMask = 2147483647;
			files = (
				672E62B314E19ED600BD0F15 /* main.m in Sources */,
				672E62B714E19ED600BD0F15 /* MJAppDelegate.m in Sources */,
				672E62BD14E19ED700BD0F15 /* MJViewController.m in Sources */,
				672E62DD14E1A10D00BD0F15 /* MJPiece.m in Sources */,
				672E62E014E1A12B00BD0F15 /* MJToolbar.m in Sources */,
				672E62E314E1A13D00BD0F15 /* MJBoard.m in Sources */,
				67DF1B4C14E7307000649B1E /* GCHelper.m in Sources */,
			);
			runOnlyForDeploymentPostprocessing = 0;
		};
		672E62BE14E19ED700BD0F15 /* Sources */ = {
			isa = PBXSourcesBuildPhase;
			buildActionMask = 2147483647;
			files = (
				672E62D214E19ED700BD0F15 /* MAKJAMTests.m in Sources */,
			);
			runOnlyForDeploymentPostprocessing = 0;
		};
/* End PBXSourcesBuildPhase section */

/* Begin PBXTargetDependency section */
		672E62C914E19ED700BD0F15 /* PBXTargetDependency */ = {
			isa = PBXTargetDependency;
			target = 672E62A114E19ED600BD0F15 /* MAKJAM */;
			targetProxy = 672E62C814E19ED700BD0F15 /* PBXContainerItemProxy */;
		};
/* End PBXTargetDependency section */

/* Begin PBXVariantGroup section */
		672E62AF14E19ED600BD0F15 /* InfoPlist.strings */ = {
			isa = PBXVariantGroup;
			children = (
				672E62B014E19ED600BD0F15 /* en */,
			);
			name = InfoPlist.strings;
			sourceTree = "<group>";
		};
		672E62B814E19ED700BD0F15 /* MainStoryboard_iPad.storyboard */ = {
			isa = PBXVariantGroup;
			children = (
				672E62B914E19ED700BD0F15 /* en */,
			);
			name = MainStoryboard_iPad.storyboard;
			sourceTree = "<group>";
		};
		672E62CD14E19ED700BD0F15 /* InfoPlist.strings */ = {
			isa = PBXVariantGroup;
			children = (
				672E62CE14E19ED700BD0F15 /* en */,
			);
			name = InfoPlist.strings;
			sourceTree = "<group>";
		};
		67C8C01314E5F78400CD488E /* MainStoryboard_iPhone.storyboard */ = {
			isa = PBXVariantGroup;
			children = (
				67C8C01414E5F78400CD488E /* en */,
			);
			name = MainStoryboard_iPhone.storyboard;
			sourceTree = "<group>";
		};
/* End PBXVariantGroup section */

/* Begin XCBuildConfiguration section */
		672E62D314E19ED700BD0F15 /* Debug */ = {
			isa = XCBuildConfiguration;
			buildSettings = {
				ALWAYS_SEARCH_USER_PATHS = NO;
				ARCHS = "$(ARCHS_STANDARD_32_BIT)";
				CLANG_ENABLE_OBJC_ARC = YES;
				"CODE_SIGN_IDENTITY[sdk=iphoneos*]" = "iPhone Developer";
				COPY_PHASE_STRIP = NO;
				GCC_C_LANGUAGE_STANDARD = gnu99;
				GCC_DYNAMIC_NO_PIC = NO;
				GCC_OPTIMIZATION_LEVEL = 0;
				GCC_PREPROCESSOR_DEFINITIONS = (
					"DEBUG=1",
					"$(inherited)",
				);
				GCC_SYMBOLS_PRIVATE_EXTERN = NO;
				GCC_VERSION = com.apple.compilers.llvm.clang.1_0;
				GCC_WARN_ABOUT_MISSING_PROTOTYPES = YES;
				GCC_WARN_ABOUT_RETURN_TYPE = YES;
				GCC_WARN_UNUSED_VARIABLE = YES;
				IPHONEOS_DEPLOYMENT_TARGET = 5.0;
				SDKROOT = iphoneos;
				TARGETED_DEVICE_FAMILY = 2;
			};
			name = Debug;
		};
		672E62D414E19ED700BD0F15 /* Release */ = {
			isa = XCBuildConfiguration;
			buildSettings = {
				ALWAYS_SEARCH_USER_PATHS = NO;
				ARCHS = "$(ARCHS_STANDARD_32_BIT)";
				CLANG_ENABLE_OBJC_ARC = YES;
				"CODE_SIGN_IDENTITY[sdk=iphoneos*]" = "iPhone Developer";
				COPY_PHASE_STRIP = YES;
				GCC_C_LANGUAGE_STANDARD = gnu99;
				GCC_VERSION = com.apple.compilers.llvm.clang.1_0;
				GCC_WARN_ABOUT_MISSING_PROTOTYPES = YES;
				GCC_WARN_ABOUT_RETURN_TYPE = YES;
				GCC_WARN_UNUSED_VARIABLE = YES;
				IPHONEOS_DEPLOYMENT_TARGET = 5.0;
				OTHER_CFLAGS = "-DNS_BLOCK_ASSERTIONS=1";
				SDKROOT = iphoneos;
				TARGETED_DEVICE_FAMILY = 2;
				VALIDATE_PRODUCT = YES;
			};
			name = Release;
		};
		672E62D614E19ED700BD0F15 /* Debug */ = {
			isa = XCBuildConfiguration;
			buildSettings = {
				GCC_PRECOMPILE_PREFIX_HEADER = YES;
				GCC_PREFIX_HEADER = "MAKJAM/MAKJAM-Prefix.pch";
				GCC_WARN_UNUSED_FUNCTION = YES;
				GCC_WARN_UNUSED_LABEL = YES;
				INFOPLIST_FILE = "MAKJAM/MAKJAM-Info.plist";
				PRODUCT_NAME = "$(TARGET_NAME)";
				TARGETED_DEVICE_FAMILY = "1,2";
				WRAPPER_EXTENSION = app;
			};
			name = Debug;
		};
		672E62D714E19ED700BD0F15 /* Release */ = {
			isa = XCBuildConfiguration;
			buildSettings = {
				GCC_PRECOMPILE_PREFIX_HEADER = YES;
				GCC_PREFIX_HEADER = "MAKJAM/MAKJAM-Prefix.pch";
				GCC_WARN_UNUSED_FUNCTION = YES;
				GCC_WARN_UNUSED_LABEL = YES;
				INFOPLIST_FILE = "MAKJAM/MAKJAM-Info.plist";
				PRODUCT_NAME = "$(TARGET_NAME)";
				TARGETED_DEVICE_FAMILY = "1,2";
				WRAPPER_EXTENSION = app;
			};
			name = Release;
		};
		672E62D914E19ED700BD0F15 /* Debug */ = {
			isa = XCBuildConfiguration;
			buildSettings = {
				BUNDLE_LOADER = "$(BUILT_PRODUCTS_DIR)/MAKJAM.app/MAKJAM";
				FRAMEWORK_SEARCH_PATHS = (
					"$(SDKROOT)/Developer/Library/Frameworks",
					"$(DEVELOPER_LIBRARY_DIR)/Frameworks",
				);
				GCC_PRECOMPILE_PREFIX_HEADER = YES;
				GCC_PREFIX_HEADER = "MAKJAM/MAKJAM-Prefix.pch";
				INFOPLIST_FILE = "MAKJAMTests/MAKJAMTests-Info.plist";
				PRODUCT_NAME = "$(TARGET_NAME)";
				TEST_HOST = "$(BUNDLE_LOADER)";
				WRAPPER_EXTENSION = octest;
			};
			name = Debug;
		};
		672E62DA14E19ED700BD0F15 /* Release */ = {
			isa = XCBuildConfiguration;
			buildSettings = {
				BUNDLE_LOADER = "$(BUILT_PRODUCTS_DIR)/MAKJAM.app/MAKJAM";
				FRAMEWORK_SEARCH_PATHS = (
					"$(SDKROOT)/Developer/Library/Frameworks",
					"$(DEVELOPER_LIBRARY_DIR)/Frameworks",
				);
				GCC_PRECOMPILE_PREFIX_HEADER = YES;
				GCC_PREFIX_HEADER = "MAKJAM/MAKJAM-Prefix.pch";
				INFOPLIST_FILE = "MAKJAMTests/MAKJAMTests-Info.plist";
				PRODUCT_NAME = "$(TARGET_NAME)";
				TEST_HOST = "$(BUNDLE_LOADER)";
				WRAPPER_EXTENSION = octest;
			};
			name = Release;
		};
/* End XCBuildConfiguration section */

/* Begin XCConfigurationList section */
		672E629C14E19ED600BD0F15 /* Build configuration list for PBXProject "MAKJAM" */ = {
			isa = XCConfigurationList;
			buildConfigurations = (
				672E62D314E19ED700BD0F15 /* Debug */,
				672E62D414E19ED700BD0F15 /* Release */,
			);
			defaultConfigurationIsVisible = 0;
			defaultConfigurationName = Release;
		};
		672E62D514E19ED700BD0F15 /* Build configuration list for PBXNativeTarget "MAKJAM" */ = {
			isa = XCConfigurationList;
			buildConfigurations = (
				672E62D614E19ED700BD0F15 /* Debug */,
				672E62D714E19ED700BD0F15 /* Release */,
			);
			defaultConfigurationIsVisible = 0;
			defaultConfigurationName = Release;
		};
		672E62D814E19ED700BD0F15 /* Build configuration list for PBXNativeTarget "MAKJAMTests" */ = {
			isa = XCConfigurationList;
			buildConfigurations = (
				672E62D914E19ED700BD0F15 /* Debug */,
				672E62DA14E19ED700BD0F15 /* Release */,
			);
			defaultConfigurationIsVisible = 0;
			defaultConfigurationName = Release;
		};
/* End XCConfigurationList section */
	};
	rootObject = 672E629914E19ED600BD0F15 /* Project object */;
}
