// !$*UTF8*$!
{
	archiveVersion = 1;
	classes = {
	};
	objectVersion = 46;
	objects = {

/* Begin PBXBuildFile section */
		67E9530014D234C70009ADA7 /* UIKit.framework in Frameworks */ = {isa = PBXBuildFile; fileRef = 67E952FF14D234C70009ADA7 /* UIKit.framework */; };
		67E9530214D234C70009ADA7 /* Foundation.framework in Frameworks */ = {isa = PBXBuildFile; fileRef = 67E9530114D234C70009ADA7 /* Foundation.framework */; };
		67E9530414D234C70009ADA7 /* CoreGraphics.framework in Frameworks */ = {isa = PBXBuildFile; fileRef = 67E9530314D234C70009ADA7 /* CoreGraphics.framework */; };
		67E9530614D234C70009ADA7 /* CoreData.framework in Frameworks */ = {isa = PBXBuildFile; fileRef = 67E9530514D234C70009ADA7 /* CoreData.framework */; };
		67E9530C14D234C70009ADA7 /* InfoPlist.strings in Resources */ = {isa = PBXBuildFile; fileRef = 67E9530A14D234C70009ADA7 /* InfoPlist.strings */; };
		67E9530E14D234C70009ADA7 /* main.m in Sources */ = {isa = PBXBuildFile; fileRef = 67E9530D14D234C70009ADA7 /* main.m */; };
		67E9531214D234C70009ADA7 /* MAKJAMAppDelegate.m in Sources */ = {isa = PBXBuildFile; fileRef = 67E9531114D234C70009ADA7 /* MAKJAMAppDelegate.m */; };
		67E9531514D234C70009ADA7 /* MainStoryboard.storyboard in Resources */ = {isa = PBXBuildFile; fileRef = 67E9531314D234C70009ADA7 /* MainStoryboard.storyboard */; };
		67E9531814D234C70009ADA7 /* Test.xcdatamodeld in Sources */ = {isa = PBXBuildFile; fileRef = 67E9531614D234C70009ADA7 /* Test.xcdatamodeld */; };
		67E9531B14D234C70009ADA7 /* MAKJAMMasterViewController.m in Sources */ = {isa = PBXBuildFile; fileRef = 67E9531A14D234C70009ADA7 /* MAKJAMMasterViewController.m */; };
		67E9531E14D234C80009ADA7 /* MAKJAMDetailViewController.m in Sources */ = {isa = PBXBuildFile; fileRef = 67E9531D14D234C80009ADA7 /* MAKJAMDetailViewController.m */; };
		67E9532614D234C80009ADA7 /* SenTestingKit.framework in Frameworks */ = {isa = PBXBuildFile; fileRef = 67E9532514D234C80009ADA7 /* SenTestingKit.framework */; };
		67E9532714D234C80009ADA7 /* UIKit.framework in Frameworks */ = {isa = PBXBuildFile; fileRef = 67E952FF14D234C70009ADA7 /* UIKit.framework */; };
		67E9532814D234C80009ADA7 /* Foundation.framework in Frameworks */ = {isa = PBXBuildFile; fileRef = 67E9530114D234C70009ADA7 /* Foundation.framework */; };
		67E9532914D234C80009ADA7 /* CoreData.framework in Frameworks */ = {isa = PBXBuildFile; fileRef = 67E9530514D234C70009ADA7 /* CoreData.framework */; };
		67E9533114D234C80009ADA7 /* InfoPlist.strings in Resources */ = {isa = PBXBuildFile; fileRef = 67E9532F14D234C80009ADA7 /* InfoPlist.strings */; };
		67E9533414D234C80009ADA7 /* TestTests.m in Sources */ = {isa = PBXBuildFile; fileRef = 67E9533314D234C80009ADA7 /* TestTests.m */; };
/* End PBXBuildFile section */

/* Begin PBXContainerItemProxy section */
		67E9532A14D234C80009ADA7 /* PBXContainerItemProxy */ = {
			isa = PBXContainerItemProxy;
			containerPortal = 67E952F214D234C70009ADA7 /* Project object */;
			proxyType = 1;
			remoteGlobalIDString = 67E952FA14D234C70009ADA7;
			remoteInfo = Test;
		};
/* End PBXContainerItemProxy section */

/* Begin PBXFileReference section */
		67E952FB14D234C70009ADA7 /* Test.app */ = {isa = PBXFileReference; explicitFileType = wrapper.application; includeInIndex = 0; path = Test.app; sourceTree = BUILT_PRODUCTS_DIR; };
		67E952FF14D234C70009ADA7 /* UIKit.framework */ = {isa = PBXFileReference; lastKnownFileType = wrapper.framework; name = UIKit.framework; path = System/Library/Frameworks/UIKit.framework; sourceTree = SDKROOT; };
		67E9530114D234C70009ADA7 /* Foundation.framework */ = {isa = PBXFileReference; lastKnownFileType = wrapper.framework; name = Foundation.framework; path = System/Library/Frameworks/Foundation.framework; sourceTree = SDKROOT; };
		67E9530314D234C70009ADA7 /* CoreGraphics.framework */ = {isa = PBXFileReference; lastKnownFileType = wrapper.framework; name = CoreGraphics.framework; path = System/Library/Frameworks/CoreGraphics.framework; sourceTree = SDKROOT; };
		67E9530514D234C70009ADA7 /* CoreData.framework */ = {isa = PBXFileReference; lastKnownFileType = wrapper.framework; name = CoreData.framework; path = System/Library/Frameworks/CoreData.framework; sourceTree = SDKROOT; };
		67E9530914D234C70009ADA7 /* Test-Info.plist */ = {isa = PBXFileReference; lastKnownFileType = text.plist.xml; path = "Test-Info.plist"; sourceTree = "<group>"; };
		67E9530B14D234C70009ADA7 /* en */ = {isa = PBXFileReference; lastKnownFileType = text.plist.strings; name = en; path = en.lproj/InfoPlist.strings; sourceTree = "<group>"; };
		67E9530D14D234C70009ADA7 /* main.m */ = {isa = PBXFileReference; lastKnownFileType = sourcecode.c.objc; path = main.m; sourceTree = "<group>"; };
		67E9530F14D234C70009ADA7 /* Test-Prefix.pch */ = {isa = PBXFileReference; lastKnownFileType = sourcecode.c.h; path = "Test-Prefix.pch"; sourceTree = "<group>"; };
		67E9531014D234C70009ADA7 /* MAKJAMAppDelegate.h */ = {isa = PBXFileReference; lastKnownFileType = sourcecode.c.h; path = MAKJAMAppDelegate.h; sourceTree = "<group>"; };
		67E9531114D234C70009ADA7 /* MAKJAMAppDelegate.m */ = {isa = PBXFileReference; lastKnownFileType = sourcecode.c.objc; path = MAKJAMAppDelegate.m; sourceTree = "<group>"; };
		67E9531414D234C70009ADA7 /* en */ = {isa = PBXFileReference; lastKnownFileType = file.storyboard; name = en; path = en.lproj/MainStoryboard.storyboard; sourceTree = "<group>"; };
		67E9531714D234C70009ADA7 /* Test.xcdatamodel */ = {isa = PBXFileReference; lastKnownFileType = wrapper.xcdatamodel; path = Test.xcdatamodel; sourceTree = "<group>"; };
		67E9531914D234C70009ADA7 /* MAKJAMMasterViewController.h */ = {isa = PBXFileReference; lastKnownFileType = sourcecode.c.h; path = MAKJAMMasterViewController.h; sourceTree = "<group>"; };
		67E9531A14D234C70009ADA7 /* MAKJAMMasterViewController.m */ = {isa = PBXFileReference; lastKnownFileType = sourcecode.c.objc; path = MAKJAMMasterViewController.m; sourceTree = "<group>"; };
		67E9531C14D234C70009ADA7 /* MAKJAMDetailViewController.h */ = {isa = PBXFileReference; lastKnownFileType = sourcecode.c.h; path = MAKJAMDetailViewController.h; sourceTree = "<group>"; };
		67E9531D14D234C80009ADA7 /* MAKJAMDetailViewController.m */ = {isa = PBXFileReference; lastKnownFileType = sourcecode.c.objc; path = MAKJAMDetailViewController.m; sourceTree = "<group>"; };
		67E9532414D234C80009ADA7 /* TestTests.octest */ = {isa = PBXFileReference; explicitFileType = wrapper.cfbundle; includeInIndex = 0; path = TestTests.octest; sourceTree = BUILT_PRODUCTS_DIR; };
		67E9532514D234C80009ADA7 /* SenTestingKit.framework */ = {isa = PBXFileReference; lastKnownFileType = wrapper.framework; name = SenTestingKit.framework; path = Library/Frameworks/SenTestingKit.framework; sourceTree = DEVELOPER_DIR; };
		67E9532E14D234C80009ADA7 /* TestTests-Info.plist */ = {isa = PBXFileReference; lastKnownFileType = text.plist.xml; path = "TestTests-Info.plist"; sourceTree = "<group>"; };
		67E9533014D234C80009ADA7 /* en */ = {isa = PBXFileReference; lastKnownFileType = text.plist.strings; name = en; path = en.lproj/InfoPlist.strings; sourceTree = "<group>"; };
		67E9533214D234C80009ADA7 /* TestTests.h */ = {isa = PBXFileReference; lastKnownFileType = sourcecode.c.h; path = TestTests.h; sourceTree = "<group>"; };
		67E9533314D234C80009ADA7 /* TestTests.m */ = {isa = PBXFileReference; lastKnownFileType = sourcecode.c.objc; path = TestTests.m; sourceTree = "<group>"; };
/* End PBXFileReference section */

/* Begin PBXFrameworksBuildPhase section */
		67E952F814D234C70009ADA7 /* Frameworks */ = {
			isa = PBXFrameworksBuildPhase;
			buildActionMask = 2147483647;
			files = (
				67E9530014D234C70009ADA7 /* UIKit.framework in Frameworks */,
				67E9530214D234C70009ADA7 /* Foundation.framework in Frameworks */,
				67E9530414D234C70009ADA7 /* CoreGraphics.framework in Frameworks */,
				67E9530614D234C70009ADA7 /* CoreData.framework in Frameworks */,
			);
			runOnlyForDeploymentPostprocessing = 0;
		};
		67E9532014D234C80009ADA7 /* Frameworks */ = {
			isa = PBXFrameworksBuildPhase;
			buildActionMask = 2147483647;
			files = (
				67E9532614D234C80009ADA7 /* SenTestingKit.framework in Frameworks */,
				67E9532714D234C80009ADA7 /* UIKit.framework in Frameworks */,
				67E9532814D234C80009ADA7 /* Foundation.framework in Frameworks */,
				67E9532914D234C80009ADA7 /* CoreData.framework in Frameworks */,
			);
			runOnlyForDeploymentPostprocessing = 0;
		};
/* End PBXFrameworksBuildPhase section */

/* Begin PBXGroup section */
		67E952F014D234C70009ADA7 = {
			isa = PBXGroup;
			children = (
				67E9530714D234C70009ADA7 /* Test */,
				67E9532C14D234C80009ADA7 /* TestTests */,
				67E952FE14D234C70009ADA7 /* Frameworks */,
				67E952FC14D234C70009ADA7 /* Products */,
			);
			sourceTree = "<group>";
		};
		67E952FC14D234C70009ADA7 /* Products */ = {
			isa = PBXGroup;
			children = (
				67E952FB14D234C70009ADA7 /* Test.app */,
				67E9532414D234C80009ADA7 /* TestTests.octest */,
			);
			name = Products;
			sourceTree = "<group>";
		};
		67E952FE14D234C70009ADA7 /* Frameworks */ = {
			isa = PBXGroup;
			children = (
				67E952FF14D234C70009ADA7 /* UIKit.framework */,
				67E9530114D234C70009ADA7 /* Foundation.framework */,
				67E9530314D234C70009ADA7 /* CoreGraphics.framework */,
				67E9530514D234C70009ADA7 /* CoreData.framework */,
				67E9532514D234C80009ADA7 /* SenTestingKit.framework */,
			);
			name = Frameworks;
			sourceTree = "<group>";
		};
		67E9530714D234C70009ADA7 /* Test */ = {
			isa = PBXGroup;
			children = (
				67E9531014D234C70009ADA7 /* MAKJAMAppDelegate.h */,
				67E9531114D234C70009ADA7 /* MAKJAMAppDelegate.m */,
				67E9531314D234C70009ADA7 /* MainStoryboard.storyboard */,
				67E9531914D234C70009ADA7 /* MAKJAMMasterViewController.h */,
				67E9531A14D234C70009ADA7 /* MAKJAMMasterViewController.m */,
				67E9531C14D234C70009ADA7 /* MAKJAMDetailViewController.h */,
				67E9531D14D234C80009ADA7 /* MAKJAMDetailViewController.m */,
				67E9531614D234C70009ADA7 /* Test.xcdatamodeld */,
				67E9530814D234C70009ADA7 /* Supporting Files */,
			);
			path = Test;
			sourceTree = "<group>";
		};
		67E9530814D234C70009ADA7 /* Supporting Files */ = {
			isa = PBXGroup;
			children = (
				67E9530914D234C70009ADA7 /* Test-Info.plist */,
				67E9530A14D234C70009ADA7 /* InfoPlist.strings */,
				67E9530D14D234C70009ADA7 /* main.m */,
				67E9530F14D234C70009ADA7 /* Test-Prefix.pch */,
			);
			name = "Supporting Files";
			sourceTree = "<group>";
		};
		67E9532C14D234C80009ADA7 /* TestTests */ = {
			isa = PBXGroup;
			children = (
				67E9533214D234C80009ADA7 /* TestTests.h */,
				67E9533314D234C80009ADA7 /* TestTests.m */,
				67E9532D14D234C80009ADA7 /* Supporting Files */,
			);
			path = TestTests;
			sourceTree = "<group>";
		};
		67E9532D14D234C80009ADA7 /* Supporting Files */ = {
			isa = PBXGroup;
			children = (
				67E9532E14D234C80009ADA7 /* TestTests-Info.plist */,
				67E9532F14D234C80009ADA7 /* InfoPlist.strings */,
			);
			name = "Supporting Files";
			sourceTree = "<group>";
		};
/* End PBXGroup section */

/* Begin PBXNativeTarget section */
		67E952FA14D234C70009ADA7 /* Test */ = {
			isa = PBXNativeTarget;
			buildConfigurationList = 67E9533714D234C80009ADA7 /* Build configuration list for PBXNativeTarget "Test" */;
			buildPhases = (
				67E952F714D234C70009ADA7 /* Sources */,
				67E952F814D234C70009ADA7 /* Frameworks */,
				67E952F914D234C70009ADA7 /* Resources */,
			);
			buildRules = (
			);
			dependencies = (
			);
			name = Test;
			productName = Test;
			productReference = 67E952FB14D234C70009ADA7 /* Test.app */;
			productType = "com.apple.product-type.application";
		};
		67E9532314D234C80009ADA7 /* TestTests */ = {
			isa = PBXNativeTarget;
			buildConfigurationList = 67E9533A14D234C80009ADA7 /* Build configuration list for PBXNativeTarget "TestTests" */;
			buildPhases = (
				67E9531F14D234C80009ADA7 /* Sources */,
				67E9532014D234C80009ADA7 /* Frameworks */,
				67E9532114D234C80009ADA7 /* Resources */,
				67E9532214D234C80009ADA7 /* ShellScript */,
			);
			buildRules = (
			);
			dependencies = (
				67E9532B14D234C80009ADA7 /* PBXTargetDependency */,
			);
			name = TestTests;
			productName = TestTests;
			productReference = 67E9532414D234C80009ADA7 /* TestTests.octest */;
			productType = "com.apple.product-type.bundle";
		};
/* End PBXNativeTarget section */

/* Begin PBXProject section */
		67E952F214D234C70009ADA7 /* Project object */ = {
			isa = PBXProject;
			attributes = {
				LastUpgradeCheck = 0420;
			};
			buildConfigurationList = 67E952F514D234C70009ADA7 /* Build configuration list for PBXProject "Test" */;
			compatibilityVersion = "Xcode 3.2";
			developmentRegion = English;
			hasScannedForEncodings = 0;
			knownRegions = (
				en,
			);
			mainGroup = 67E952F014D234C70009ADA7;
			productRefGroup = 67E952FC14D234C70009ADA7 /* Products */;
			projectDirPath = "";
			projectRoot = "";
			targets = (
				67E952FA14D234C70009ADA7 /* Test */,
				67E9532314D234C80009ADA7 /* TestTests */,
			);
		};
/* End PBXProject section */

/* Begin PBXResourcesBuildPhase section */
		67E952F914D234C70009ADA7 /* Resources */ = {
			isa = PBXResourcesBuildPhase;
			buildActionMask = 2147483647;
			files = (
				67E9530C14D234C70009ADA7 /* InfoPlist.strings in Resources */,
				67E9531514D234C70009ADA7 /* MainStoryboard.storyboard in Resources */,
			);
			runOnlyForDeploymentPostprocessing = 0;
		};
		67E9532114D234C80009ADA7 /* Resources */ = {
			isa = PBXResourcesBuildPhase;
			buildActionMask = 2147483647;
			files = (
				67E9533114D234C80009ADA7 /* InfoPlist.strings in Resources */,
			);
			runOnlyForDeploymentPostprocessing = 0;
		};
/* End PBXResourcesBuildPhase section */

/* Begin PBXShellScriptBuildPhase section */
		67E9532214D234C80009ADA7 /* ShellScript */ = {
			isa = PBXShellScriptBuildPhase;
			buildActionMask = 2147483647;
			files = (
			);
			inputPaths = (
			);
			outputPaths = (
			);
			runOnlyForDeploymentPostprocessing = 0;
			shellPath = /bin/sh;
			shellScript = "# Run the unit tests in this test bundle.\n\"${SYSTEM_DEVELOPER_DIR}/Tools/RunUnitTests\"\n";
		};
/* End PBXShellScriptBuildPhase section */

/* Begin PBXSourcesBuildPhase section */
		67E952F714D234C70009ADA7 /* Sources */ = {
			isa = PBXSourcesBuildPhase;
			buildActionMask = 2147483647;
			files = (
				67E9530E14D234C70009ADA7 /* main.m in Sources */,
				67E9531214D234C70009ADA7 /* MAKJAMAppDelegate.m in Sources */,
				67E9531814D234C70009ADA7 /* Test.xcdatamodeld in Sources */,
				67E9531B14D234C70009ADA7 /* MAKJAMMasterViewController.m in Sources */,
				67E9531E14D234C80009ADA7 /* MAKJAMDetailViewController.m in Sources */,
			);
			runOnlyForDeploymentPostprocessing = 0;
		};
		67E9531F14D234C80009ADA7 /* Sources */ = {
			isa = PBXSourcesBuildPhase;
			buildActionMask = 2147483647;
			files = (
				67E9533414D234C80009ADA7 /* TestTests.m in Sources */,
			);
			runOnlyForDeploymentPostprocessing = 0;
		};
/* End PBXSourcesBuildPhase section */

/* Begin PBXTargetDependency section */
		67E9532B14D234C80009ADA7 /* PBXTargetDependency */ = {
			isa = PBXTargetDependency;
			target = 67E952FA14D234C70009ADA7 /* Test */;
			targetProxy = 67E9532A14D234C80009ADA7 /* PBXContainerItemProxy */;
		};
/* End PBXTargetDependency section */

/* Begin PBXVariantGroup section */
		67E9530A14D234C70009ADA7 /* InfoPlist.strings */ = {
			isa = PBXVariantGroup;
			children = (
				67E9530B14D234C70009ADA7 /* en */,
			);
			name = InfoPlist.strings;
			sourceTree = "<group>";
		};
		67E9531314D234C70009ADA7 /* MainStoryboard.storyboard */ = {
			isa = PBXVariantGroup;
			children = (
				67E9531414D234C70009ADA7 /* en */,
			);
			name = MainStoryboard.storyboard;
			sourceTree = "<group>";
		};
		67E9532F14D234C80009ADA7 /* InfoPlist.strings */ = {
			isa = PBXVariantGroup;
			children = (
				67E9533014D234C80009ADA7 /* en */,
			);
			name = InfoPlist.strings;
			sourceTree = "<group>";
		};
/* End PBXVariantGroup section */

/* Begin XCBuildConfiguration section */
		67E9533514D234C80009ADA7 /* Debug */ = {
			isa = XCBuildConfiguration;
			buildSettings = {
				ALWAYS_SEARCH_USER_PATHS = NO;
				ARCHS = "$(ARCHS_STANDARD_32_BIT)";
				CLANG_ENABLE_OBJC_ARC = YES;
				"CODE_SIGN_IDENTITY[sdk=iphoneos*]" = "iPhone Developer";
				COPY_PHASE_STRIP = NO;
				GCC_C_LANGUAGE_STANDARD = gnu99;
				GCC_DYNAMIC_NO_PIC = NO;
				GCC_OPTIMIZATION_LEVEL = 0;
				GCC_PREPROCESSOR_DEFINITIONS = (
					"DEBUG=1",
					"$(inherited)",
				);
				GCC_SYMBOLS_PRIVATE_EXTERN = NO;
				GCC_VERSION = com.apple.compilers.llvm.clang.1_0;
				GCC_WARN_ABOUT_MISSING_PROTOTYPES = YES;
				GCC_WARN_ABOUT_RETURN_TYPE = YES;
				GCC_WARN_UNUSED_VARIABLE = YES;
				IPHONEOS_DEPLOYMENT_TARGET = 5.0;
				SDKROOT = iphoneos;
				TARGETED_DEVICE_FAMILY = 2;
			};
			name = Debug;
		};
		67E9533614D234C80009ADA7 /* Release */ = {
			isa = XCBuildConfiguration;
			buildSettings = {
				ALWAYS_SEARCH_USER_PATHS = NO;
				ARCHS = "$(ARCHS_STANDARD_32_BIT)";
				CLANG_ENABLE_OBJC_ARC = YES;
				"CODE_SIGN_IDENTITY[sdk=iphoneos*]" = "iPhone Developer";
				COPY_PHASE_STRIP = YES;
				GCC_C_LANGUAGE_STANDARD = gnu99;
				GCC_VERSION = com.apple.compilers.llvm.clang.1_0;
				GCC_WARN_ABOUT_MISSING_PROTOTYPES = YES;
				GCC_WARN_ABOUT_RETURN_TYPE = YES;
				GCC_WARN_UNUSED_VARIABLE = YES;
				IPHONEOS_DEPLOYMENT_TARGET = 5.0;
				OTHER_CFLAGS = "-DNS_BLOCK_ASSERTIONS=1";
				SDKROOT = iphoneos;
				TARGETED_DEVICE_FAMILY = 2;
				VALIDATE_PRODUCT = YES;
			};
			name = Release;
		};
		67E9533814D234C80009ADA7 /* Debug */ = {
			isa = XCBuildConfiguration;
			buildSettings = {
				GCC_PRECOMPILE_PREFIX_HEADER = YES;
				GCC_PREFIX_HEADER = "Test/Test-Prefix.pch";
				INFOPLIST_FILE = "Test/Test-Info.plist";
				PRODUCT_NAME = "$(TARGET_NAME)";
				WRAPPER_EXTENSION = app;
			};
			name = Debug;
		};
		67E9533914D234C80009ADA7 /* Release */ = {
			isa = XCBuildConfiguration;
			buildSettings = {
				GCC_PRECOMPILE_PREFIX_HEADER = YES;
				GCC_PREFIX_HEADER = "Test/Test-Prefix.pch";
				INFOPLIST_FILE = "Test/Test-Info.plist";
				PRODUCT_NAME = "$(TARGET_NAME)";
				WRAPPER_EXTENSION = app;
			};
			name = Release;
		};
		67E9533B14D234C80009ADA7 /* Debug */ = {
			isa = XCBuildConfiguration;
			buildSettings = {
				BUNDLE_LOADER = "$(BUILT_PRODUCTS_DIR)/Test.app/Test";
				FRAMEWORK_SEARCH_PATHS = (
					"$(SDKROOT)/Developer/Library/Frameworks",
					"$(DEVELOPER_LIBRARY_DIR)/Frameworks",
				);
				GCC_PRECOMPILE_PREFIX_HEADER = YES;
				GCC_PREFIX_HEADER = "Test/Test-Prefix.pch";
				INFOPLIST_FILE = "TestTests/TestTests-Info.plist";
				PRODUCT_NAME = "$(TARGET_NAME)";
				TEST_HOST = "$(BUNDLE_LOADER)";
				WRAPPER_EXTENSION = octest;
			};
			name = Debug;
		};
		67E9533C14D234C80009ADA7 /* Release */ = {
			isa = XCBuildConfiguration;
			buildSettings = {
				BUNDLE_LOADER = "$(BUILT_PRODUCTS_DIR)/Test.app/Test";
				FRAMEWORK_SEARCH_PATHS = (
					"$(SDKROOT)/Developer/Library/Frameworks",
					"$(DEVELOPER_LIBRARY_DIR)/Frameworks",
				);
				GCC_PRECOMPILE_PREFIX_HEADER = YES;
				GCC_PREFIX_HEADER = "Test/Test-Prefix.pch";
				INFOPLIST_FILE = "TestTests/TestTests-Info.plist";
				PRODUCT_NAME = "$(TARGET_NAME)";
				TEST_HOST = "$(BUNDLE_LOADER)";
				WRAPPER_EXTENSION = octest;
			};
			name = Release;
		};
/* End XCBuildConfiguration section */

/* Begin XCConfigurationList section */
		67E952F514D234C70009ADA7 /* Build configuration list for PBXProject "Test" */ = {
			isa = XCConfigurationList;
			buildConfigurations = (
				67E9533514D234C80009ADA7 /* Debug */,
				67E9533614D234C80009ADA7 /* Release */,
			);
			defaultConfigurationIsVisible = 0;
			defaultConfigurationName = Release;
		};
		67E9533714D234C80009ADA7 /* Build configuration list for PBXNativeTarget "Test" */ = {
			isa = XCConfigurationList;
			buildConfigurations = (
				67E9533814D234C80009ADA7 /* Debug */,
				67E9533914D234C80009ADA7 /* Release */,
			);
			defaultConfigurationIsVisible = 0;
		};
		67E9533A14D234C80009ADA7 /* Build configuration list for PBXNativeTarget "TestTests" */ = {
			isa = XCConfigurationList;
			buildConfigurations = (
				67E9533B14D234C80009ADA7 /* Debug */,
				67E9533C14D234C80009ADA7 /* Release */,
			);
			defaultConfigurationIsVisible = 0;
		};
/* End XCConfigurationList section */

/* Begin XCVersionGroup section */
		67E9531614D234C70009ADA7 /* Test.xcdatamodeld */ = {
			isa = XCVersionGroup;
			children = (
				67E9531714D234C70009ADA7 /* Test.xcdatamodel */,
			);
			currentVersion = 67E9531714D234C70009ADA7 /* Test.xcdatamodel */;
			path = Test.xcdatamodeld;
			sourceTree = "<group>";
			versionGroupType = wrapper.xcdatamodel;
		};
/* End XCVersionGroup section */
	};
	rootObject = 67E952F214D234C70009ADA7 /* Project object */;
}
