// !$*UTF8*$!
{
	archiveVersion = 1;
	classes = {
	};
	objectVersion = 46;
	objects = {

/* Begin PBXBuildFile section */
		672DEA5B14D2303D00EB7A66 /* AHHH.m in Sources */ = {isa = PBXBuildFile; fileRef = 672DEA5A14D2303D00EB7A66 /* AHHH.m */; };
		6773850014D2251F00F1CDB7 /* UIKit.framework in Frameworks */ = {isa = PBXBuildFile; fileRef = 677384FF14D2251F00F1CDB7 /* UIKit.framework */; };
		6773850214D2251F00F1CDB7 /* Foundation.framework in Frameworks */ = {isa = PBXBuildFile; fileRef = 6773850114D2251F00F1CDB7 /* Foundation.framework */; };
		6773850414D2251F00F1CDB7 /* CoreGraphics.framework in Frameworks */ = {isa = PBXBuildFile; fileRef = 6773850314D2251F00F1CDB7 /* CoreGraphics.framework */; };
		6773850614D2251F00F1CDB7 /* CoreData.framework in Frameworks */ = {isa = PBXBuildFile; fileRef = 6773850514D2251F00F1CDB7 /* CoreData.framework */; };
		6773850C14D2251F00F1CDB7 /* InfoPlist.strings in Resources */ = {isa = PBXBuildFile; fileRef = 6773850A14D2251F00F1CDB7 /* InfoPlist.strings */; };
		6773850E14D2251F00F1CDB7 /* main.m in Sources */ = {isa = PBXBuildFile; fileRef = 6773850D14D2251F00F1CDB7 /* main.m */; };
		6773851214D2251F00F1CDB7 /* MAKJAMAppDelegate.m in Sources */ = {isa = PBXBuildFile; fileRef = 6773851114D2251F00F1CDB7 /* MAKJAMAppDelegate.m */; };
		6773851514D2251F00F1CDB7 /* MainStoryboard.storyboard in Resources */ = {isa = PBXBuildFile; fileRef = 6773851314D2251F00F1CDB7 /* MainStoryboard.storyboard */; };
		6773851B14D2251F00F1CDB7 /* MAKJAMMasterViewController.m in Sources */ = {isa = PBXBuildFile; fileRef = 6773851A14D2251F00F1CDB7 /* MAKJAMMasterViewController.m */; };
		6773851E14D2251F00F1CDB7 /* MAKJAMDetailViewController.m in Sources */ = {isa = PBXBuildFile; fileRef = 6773851D14D2251F00F1CDB7 /* MAKJAMDetailViewController.m */; };
		6773852614D2251F00F1CDB7 /* SenTestingKit.framework in Frameworks */ = {isa = PBXBuildFile; fileRef = 6773852514D2251F00F1CDB7 /* SenTestingKit.framework */; };
		6773852714D2251F00F1CDB7 /* UIKit.framework in Frameworks */ = {isa = PBXBuildFile; fileRef = 677384FF14D2251F00F1CDB7 /* UIKit.framework */; };
		6773852814D2251F00F1CDB7 /* Foundation.framework in Frameworks */ = {isa = PBXBuildFile; fileRef = 6773850114D2251F00F1CDB7 /* Foundation.framework */; };
		6773852914D2251F00F1CDB7 /* CoreData.framework in Frameworks */ = {isa = PBXBuildFile; fileRef = 6773850514D2251F00F1CDB7 /* CoreData.framework */; };
		6773853114D2251F00F1CDB7 /* InfoPlist.strings in Resources */ = {isa = PBXBuildFile; fileRef = 6773852F14D2251F00F1CDB7 /* InfoPlist.strings */; };
		6773853414D2251F00F1CDB7 /* LandTests.m in Sources */ = {isa = PBXBuildFile; fileRef = 6773853314D2251F00F1CDB7 /* LandTests.m */; };
		6781816C14D35509009D1C18 /* Land.xcdatamodeld in Sources */ = {isa = PBXBuildFile; fileRef = 6781816A14D35509009D1C18 /* Land.xcdatamodeld */; };
		67E9534314D2364D0009ADA7 /* Object.m in Sources */ = {isa = PBXBuildFile; fileRef = 67E9534214D2364D0009ADA7 /* Object.m */; };
/* End PBXBuildFile section */

/* Begin PBXContainerItemProxy section */
		6773852A14D2251F00F1CDB7 /* PBXContainerItemProxy */ = {
			isa = PBXContainerItemProxy;
			containerPortal = 677384F214D2251F00F1CDB7 /* Project object */;
			proxyType = 1;
			remoteGlobalIDString = 677384FA14D2251F00F1CDB7;
			remoteInfo = Land;
		};
/* End PBXContainerItemProxy section */

/* Begin PBXFileReference section */
		672DEA5914D2303D00EB7A66 /* AHHH.h */ = {isa = PBXFileReference; fileEncoding = 4; lastKnownFileType = sourcecode.c.h; path = AHHH.h; sourceTree = "<group>"; };
		672DEA5A14D2303D00EB7A66 /* AHHH.m */ = {isa = PBXFileReference; fileEncoding = 4; lastKnownFileType = sourcecode.c.objc; path = AHHH.m; sourceTree = "<group>"; };
		677384FB14D2251F00F1CDB7 /* Land.app */ = {isa = PBXFileReference; explicitFileType = wrapper.application; includeInIndex = 0; path = Land.app; sourceTree = BUILT_PRODUCTS_DIR; };
		677384FF14D2251F00F1CDB7 /* UIKit.framework */ = {isa = PBXFileReference; lastKnownFileType = wrapper.framework; name = UIKit.framework; path = System/Library/Frameworks/UIKit.framework; sourceTree = SDKROOT; };
		6773850114D2251F00F1CDB7 /* Foundation.framework */ = {isa = PBXFileReference; lastKnownFileType = wrapper.framework; name = Foundation.framework; path = System/Library/Frameworks/Foundation.framework; sourceTree = SDKROOT; };
		6773850314D2251F00F1CDB7 /* CoreGraphics.framework */ = {isa = PBXFileReference; lastKnownFileType = wrapper.framework; name = CoreGraphics.framework; path = System/Library/Frameworks/CoreGraphics.framework; sourceTree = SDKROOT; };
		6773850514D2251F00F1CDB7 /* CoreData.framework */ = {isa = PBXFileReference; lastKnownFileType = wrapper.framework; name = CoreData.framework; path = System/Library/Frameworks/CoreData.framework; sourceTree = SDKROOT; };
		6773850914D2251F00F1CDB7 /* Land-Info.plist */ = {isa = PBXFileReference; lastKnownFileType = text.plist.xml; path = "Land-Info.plist"; sourceTree = "<group>"; };
		6773850B14D2251F00F1CDB7 /* en */ = {isa = PBXFileReference; lastKnownFileType = text.plist.strings; name = en; path = en.lproj/InfoPlist.strings; sourceTree = "<group>"; };
		6773850D14D2251F00F1CDB7 /* main.m */ = {isa = PBXFileReference; lastKnownFileType = sourcecode.c.objc; path = main.m; sourceTree = "<group>"; };
		6773850F14D2251F00F1CDB7 /* Land-Prefix.pch */ = {isa = PBXFileReference; lastKnownFileType = sourcecode.c.h; path = "Land-Prefix.pch"; sourceTree = "<group>"; };
		6773851014D2251F00F1CDB7 /* MAKJAMAppDelegate.h */ = {isa = PBXFileReference; lastKnownFileType = sourcecode.c.h; path = MAKJAMAppDelegate.h; sourceTree = "<group>"; };
		6773851114D2251F00F1CDB7 /* MAKJAMAppDelegate.m */ = {isa = PBXFileReference; lastKnownFileType = sourcecode.c.objc; path = MAKJAMAppDelegate.m; sourceTree = "<group>"; };
		6773851414D2251F00F1CDB7 /* en */ = {isa = PBXFileReference; lastKnownFileType = file.storyboard; name = en; path = en.lproj/MainStoryboard.storyboard; sourceTree = "<group>"; };
		6773851914D2251F00F1CDB7 /* MAKJAMMasterViewController.h */ = {isa = PBXFileReference; lastKnownFileType = sourcecode.c.h; path = MAKJAMMasterViewController.h; sourceTree = "<group>"; };
		6773851A14D2251F00F1CDB7 /* MAKJAMMasterViewController.m */ = {isa = PBXFileReference; lastKnownFileType = sourcecode.c.objc; path = MAKJAMMasterViewController.m; sourceTree = "<group>"; };
		6773851C14D2251F00F1CDB7 /* MAKJAMDetailViewController.h */ = {isa = PBXFileReference; lastKnownFileType = sourcecode.c.h; path = MAKJAMDetailViewController.h; sourceTree = "<group>"; };
		6773851D14D2251F00F1CDB7 /* MAKJAMDetailViewController.m */ = {isa = PBXFileReference; lastKnownFileType = sourcecode.c.objc; path = MAKJAMDetailViewController.m; sourceTree = "<group>"; };
		6773852414D2251F00F1CDB7 /* LandTests.octest */ = {isa = PBXFileReference; explicitFileType = wrapper.cfbundle; includeInIndex = 0; path = LandTests.octest; sourceTree = BUILT_PRODUCTS_DIR; };
		6773852514D2251F00F1CDB7 /* SenTestingKit.framework */ = {isa = PBXFileReference; lastKnownFileType = wrapper.framework; name = SenTestingKit.framework; path = Library/Frameworks/SenTestingKit.framework; sourceTree = DEVELOPER_DIR; };
		6773852E14D2251F00F1CDB7 /* LandTests-Info.plist */ = {isa = PBXFileReference; lastKnownFileType = text.plist.xml; path = "LandTests-Info.plist"; sourceTree = "<group>"; };
		6773853014D2251F00F1CDB7 /* en */ = {isa = PBXFileReference; lastKnownFileType = text.plist.strings; name = en; path = en.lproj/InfoPlist.strings; sourceTree = "<group>"; };
		6773853214D2251F00F1CDB7 /* LandTests.h */ = {isa = PBXFileReference; lastKnownFileType = sourcecode.c.h; path = LandTests.h; sourceTree = "<group>"; };
		6773853314D2251F00F1CDB7 /* LandTests.m */ = {isa = PBXFileReference; lastKnownFileType = sourcecode.c.objc; path = LandTests.m; sourceTree = "<group>"; };
		6781816B14D35509009D1C18 /* Land.xcdatamodel */ = {isa = PBXFileReference; lastKnownFileType = wrapper.xcdatamodel; path = Land.xcdatamodel; sourceTree = "<group>"; };
		67E9534114D2364D0009ADA7 /* Object.h */ = {isa = PBXFileReference; fileEncoding = 4; lastKnownFileType = sourcecode.c.h; path = Object.h; sourceTree = "<group>"; };
		67E9534214D2364D0009ADA7 /* Object.m */ = {isa = PBXFileReference; fileEncoding = 4; lastKnownFileType = sourcecode.c.objc; path = Object.m; sourceTree = "<group>"; };
/* End PBXFileReference section */

/* Begin PBXFrameworksBuildPhase section */
		677384F814D2251F00F1CDB7 /* Frameworks */ = {
			isa = PBXFrameworksBuildPhase;
			buildActionMask = 2147483647;
			files = (
				6773850014D2251F00F1CDB7 /* UIKit.framework in Frameworks */,
				6773850214D2251F00F1CDB7 /* Foundation.framework in Frameworks */,
				6773850414D2251F00F1CDB7 /* CoreGraphics.framework in Frameworks */,
				6773850614D2251F00F1CDB7 /* CoreData.framework in Frameworks */,
			);
			runOnlyForDeploymentPostprocessing = 0;
		};
		6773852014D2251F00F1CDB7 /* Frameworks */ = {
			isa = PBXFrameworksBuildPhase;
			buildActionMask = 2147483647;
			files = (
				6773852614D2251F00F1CDB7 /* SenTestingKit.framework in Frameworks */,
				6773852714D2251F00F1CDB7 /* UIKit.framework in Frameworks */,
				6773852814D2251F00F1CDB7 /* Foundation.framework in Frameworks */,
				6773852914D2251F00F1CDB7 /* CoreData.framework in Frameworks */,
			);
			runOnlyForDeploymentPostprocessing = 0;
		};
/* End PBXFrameworksBuildPhase section */

/* Begin PBXGroup section */
		677384F014D2251F00F1CDB7 = {
			isa = PBXGroup;
			children = (
				6773850714D2251F00F1CDB7 /* Land */,
				6773852C14D2251F00F1CDB7 /* LandTests */,
				677384FE14D2251F00F1CDB7 /* Frameworks */,
				677384FC14D2251F00F1CDB7 /* Products */,
			);
			sourceTree = "<group>";
		};
		677384FC14D2251F00F1CDB7 /* Products */ = {
			isa = PBXGroup;
			children = (
				677384FB14D2251F00F1CDB7 /* Land.app */,
				6773852414D2251F00F1CDB7 /* LandTests.octest */,
			);
			name = Products;
			sourceTree = "<group>";
		};
		677384FE14D2251F00F1CDB7 /* Frameworks */ = {
			isa = PBXGroup;
			children = (
				677384FF14D2251F00F1CDB7 /* UIKit.framework */,
				6773850114D2251F00F1CDB7 /* Foundation.framework */,
				6773850314D2251F00F1CDB7 /* CoreGraphics.framework */,
				6773850514D2251F00F1CDB7 /* CoreData.framework */,
				6773852514D2251F00F1CDB7 /* SenTestingKit.framework */,
			);
			name = Frameworks;
			sourceTree = "<group>";
		};
		6773850714D2251F00F1CDB7 /* Land */ = {
			isa = PBXGroup;
			children = (
				6773851014D2251F00F1CDB7 /* MAKJAMAppDelegate.h */,
				6773851114D2251F00F1CDB7 /* MAKJAMAppDelegate.m */,
				67E9534114D2364D0009ADA7 /* Object.h */,
				67E9534214D2364D0009ADA7 /* Object.m */,
				6773851314D2251F00F1CDB7 /* MainStoryboard.storyboard */,
				6773851914D2251F00F1CDB7 /* MAKJAMMasterViewController.h */,
				6773851A14D2251F00F1CDB7 /* MAKJAMMasterViewController.m */,
				6773851C14D2251F00F1CDB7 /* MAKJAMDetailViewController.h */,
				6773851D14D2251F00F1CDB7 /* MAKJAMDetailViewController.m */,
				6773850814D2251F00F1CDB7 /* Supporting Files */,
				672DEA5914D2303D00EB7A66 /* AHHH.h */,
				672DEA5A14D2303D00EB7A66 /* AHHH.m */,
			);
			path = Land;
			sourceTree = "<group>";
		};
		6773850814D2251F00F1CDB7 /* Supporting Files */ = {
			isa = PBXGroup;
			children = (
				6781816A14D35509009D1C18 /* Land.xcdatamodeld */,
				6773850914D2251F00F1CDB7 /* Land-Info.plist */,
				6773850A14D2251F00F1CDB7 /* InfoPlist.strings */,
				6773850D14D2251F00F1CDB7 /* main.m */,
				6773850F14D2251F00F1CDB7 /* Land-Prefix.pch */,
			);
			name = "Supporting Files";
			sourceTree = "<group>";
		};
		6773852C14D2251F00F1CDB7 /* LandTests */ = {
			isa = PBXGroup;
			children = (
				6773853214D2251F00F1CDB7 /* LandTests.h */,
				6773853314D2251F00F1CDB7 /* LandTests.m */,
				6773852D14D2251F00F1CDB7 /* Supporting Files */,
			);
			path = LandTests;
			sourceTree = "<group>";
		};
		6773852D14D2251F00F1CDB7 /* Supporting Files */ = {
			isa = PBXGroup;
			children = (
				6773852E14D2251F00F1CDB7 /* LandTests-Info.plist */,
				6773852F14D2251F00F1CDB7 /* InfoPlist.strings */,
			);
			name = "Supporting Files";
			sourceTree = "<group>";
		};
/* End PBXGroup section */

/* Begin PBXNativeTarget section */
		677384FA14D2251F00F1CDB7 /* Land */ = {
			isa = PBXNativeTarget;
			buildConfigurationList = 6773853714D2251F00F1CDB7 /* Build configuration list for PBXNativeTarget "Land" */;
			buildPhases = (
				677384F714D2251F00F1CDB7 /* Sources */,
				677384F814D2251F00F1CDB7 /* Frameworks */,
				677384F914D2251F00F1CDB7 /* Resources */,
			);
			buildRules = (
			);
			dependencies = (
			);
			name = Land;
			productName = Land;
			productReference = 677384FB14D2251F00F1CDB7 /* Land.app */;
			productType = "com.apple.product-type.application";
		};
		6773852314D2251F00F1CDB7 /* LandTests */ = {
			isa = PBXNativeTarget;
			buildConfigurationList = 6773853A14D2251F00F1CDB7 /* Build configuration list for PBXNativeTarget "LandTests" */;
			buildPhases = (
				6773851F14D2251F00F1CDB7 /* Sources */,
				6773852014D2251F00F1CDB7 /* Frameworks */,
				6773852114D2251F00F1CDB7 /* Resources */,
				6773852214D2251F00F1CDB7 /* ShellScript */,
			);
			buildRules = (
			);
			dependencies = (
				6773852B14D2251F00F1CDB7 /* PBXTargetDependency */,
			);
			name = LandTests;
			productName = LandTests;
			productReference = 6773852414D2251F00F1CDB7 /* LandTests.octest */;
			productType = "com.apple.product-type.bundle";
		};
/* End PBXNativeTarget section */

/* Begin PBXProject section */
		677384F214D2251F00F1CDB7 /* Project object */ = {
			isa = PBXProject;
			attributes = {
				LastUpgradeCheck = 0420;
			};
			buildConfigurationList = 677384F514D2251F00F1CDB7 /* Build configuration list for PBXProject "Land" */;
			compatibilityVersion = "Xcode 3.2";
			developmentRegion = English;
			hasScannedForEncodings = 0;
			knownRegions = (
				en,
			);
			mainGroup = 677384F014D2251F00F1CDB7;
			productRefGroup = 677384FC14D2251F00F1CDB7 /* Products */;
			projectDirPath = "";
			projectRoot = "";
			targets = (
				677384FA14D2251F00F1CDB7 /* Land */,
				6773852314D2251F00F1CDB7 /* LandTests */,
			);
		};
/* End PBXProject section */

/* Begin PBXResourcesBuildPhase section */
		677384F914D2251F00F1CDB7 /* Resources */ = {
			isa = PBXResourcesBuildPhase;
			buildActionMask = 2147483647;
			files = (
				6773850C14D2251F00F1CDB7 /* InfoPlist.strings in Resources */,
				6773851514D2251F00F1CDB7 /* MainStoryboard.storyboard in Resources */,
			);
			runOnlyForDeploymentPostprocessing = 0;
		};
		6773852114D2251F00F1CDB7 /* Resources */ = {
			isa = PBXResourcesBuildPhase;
			buildActionMask = 2147483647;
			files = (
				6773853114D2251F00F1CDB7 /* InfoPlist.strings in Resources */,
			);
			runOnlyForDeploymentPostprocessing = 0;
		};
/* End PBXResourcesBuildPhase section */

/* Begin PBXShellScriptBuildPhase section */
		6773852214D2251F00F1CDB7 /* ShellScript */ = {
			isa = PBXShellScriptBuildPhase;
			buildActionMask = 2147483647;
			files = (
			);
			inputPaths = (
			);
			outputPaths = (
			);
			runOnlyForDeploymentPostprocessing = 0;
			shellPath = /bin/sh;
			shellScript = "# Run the unit tests in this test bundle.\n\"${SYSTEM_DEVELOPER_DIR}/Tools/RunUnitTests\"\n";
		};
/* End PBXShellScriptBuildPhase section */

/* Begin PBXSourcesBuildPhase section */
		677384F714D2251F00F1CDB7 /* Sources */ = {
			isa = PBXSourcesBuildPhase;
			buildActionMask = 2147483647;
			files = (
				6773850E14D2251F00F1CDB7 /* main.m in Sources */,
				6773851214D2251F00F1CDB7 /* MAKJAMAppDelegate.m in Sources */,
				6773851B14D2251F00F1CDB7 /* MAKJAMMasterViewController.m in Sources */,
				6773851E14D2251F00F1CDB7 /* MAKJAMDetailViewController.m in Sources */,
				672DEA5B14D2303D00EB7A66 /* AHHH.m in Sources */,
				67E9534314D2364D0009ADA7 /* Object.m in Sources */,
				6781816C14D35509009D1C18 /* Land.xcdatamodeld in Sources */,
			);
			runOnlyForDeploymentPostprocessing = 0;
		};
		6773851F14D2251F00F1CDB7 /* Sources */ = {
			isa = PBXSourcesBuildPhase;
			buildActionMask = 2147483647;
			files = (
				6773853414D2251F00F1CDB7 /* LandTests.m in Sources */,
			);
			runOnlyForDeploymentPostprocessing = 0;
		};
/* End PBXSourcesBuildPhase section */

/* Begin PBXTargetDependency section */
		6773852B14D2251F00F1CDB7 /* PBXTargetDependency */ = {
			isa = PBXTargetDependency;
			target = 677384FA14D2251F00F1CDB7 /* Land */;
			targetProxy = 6773852A14D2251F00F1CDB7 /* PBXContainerItemProxy */;
		};
/* End PBXTargetDependency section */

/* Begin PBXVariantGroup section */
		6773850A14D2251F00F1CDB7 /* InfoPlist.strings */ = {
			isa = PBXVariantGroup;
			children = (
				6773850B14D2251F00F1CDB7 /* en */,
			);
			name = InfoPlist.strings;
			sourceTree = "<group>";
		};
		6773851314D2251F00F1CDB7 /* MainStoryboard.storyboard */ = {
			isa = PBXVariantGroup;
			children = (
				6773851414D2251F00F1CDB7 /* en */,
			);
			name = MainStoryboard.storyboard;
			sourceTree = "<group>";
		};
		6773852F14D2251F00F1CDB7 /* InfoPlist.strings */ = {
			isa = PBXVariantGroup;
			children = (
				6773853014D2251F00F1CDB7 /* en */,
			);
			name = InfoPlist.strings;
			sourceTree = "<group>";
		};
/* End PBXVariantGroup section */

/* Begin XCBuildConfiguration section */
		6773853514D2251F00F1CDB7 /* Debug */ = {
			isa = XCBuildConfiguration;
			buildSettings = {
				ALWAYS_SEARCH_USER_PATHS = NO;
				ARCHS = "$(ARCHS_STANDARD_32_BIT)";
				CLANG_ENABLE_OBJC_ARC = YES;
				"CODE_SIGN_IDENTITY[sdk=iphoneos*]" = "iPhone Developer";
				COPY_PHASE_STRIP = NO;
				GCC_C_LANGUAGE_STANDARD = gnu99;
				GCC_DYNAMIC_NO_PIC = NO;
				GCC_OPTIMIZATION_LEVEL = 0;
				GCC_PREPROCESSOR_DEFINITIONS = (
					"DEBUG=1",
					"$(inherited)",
				);
				GCC_SYMBOLS_PRIVATE_EXTERN = NO;
				GCC_VERSION = com.apple.compilers.llvm.clang.1_0;
				GCC_WARN_ABOUT_MISSING_PROTOTYPES = YES;
				GCC_WARN_ABOUT_RETURN_TYPE = YES;
				GCC_WARN_UNUSED_VARIABLE = YES;
				IPHONEOS_DEPLOYMENT_TARGET = 5.0;
				SDKROOT = iphoneos;
				TARGETED_DEVICE_FAMILY = 2;
			};
			name = Debug;
		};
		6773853614D2251F00F1CDB7 /* Release */ = {
			isa = XCBuildConfiguration;
			buildSettings = {
				ALWAYS_SEARCH_USER_PATHS = NO;
				ARCHS = "$(ARCHS_STANDARD_32_BIT)";
				CLANG_ENABLE_OBJC_ARC = YES;
				"CODE_SIGN_IDENTITY[sdk=iphoneos*]" = "iPhone Developer";
				COPY_PHASE_STRIP = YES;
				GCC_C_LANGUAGE_STANDARD = gnu99;
				GCC_VERSION = com.apple.compilers.llvm.clang.1_0;
				GCC_WARN_ABOUT_MISSING_PROTOTYPES = YES;
				GCC_WARN_ABOUT_RETURN_TYPE = YES;
				GCC_WARN_UNUSED_VARIABLE = YES;
				IPHONEOS_DEPLOYMENT_TARGET = 5.0;
				OTHER_CFLAGS = "-DNS_BLOCK_ASSERTIONS=1";
				SDKROOT = iphoneos;
				TARGETED_DEVICE_FAMILY = 2;
				VALIDATE_PRODUCT = YES;
			};
			name = Release;
		};
		6773853814D2251F00F1CDB7 /* Debug */ = {
			isa = XCBuildConfiguration;
			buildSettings = {
				GCC_PRECOMPILE_PREFIX_HEADER = YES;
				GCC_PREFIX_HEADER = "Land/Land-Prefix.pch";
				INFOPLIST_FILE = "Land/Land-Info.plist";
				PRODUCT_NAME = "$(TARGET_NAME)";
				WRAPPER_EXTENSION = app;
			};
			name = Debug;
		};
		6773853914D2251F00F1CDB7 /* Release */ = {
			isa = XCBuildConfiguration;
			buildSettings = {
				GCC_PRECOMPILE_PREFIX_HEADER = YES;
				GCC_PREFIX_HEADER = "Land/Land-Prefix.pch";
				INFOPLIST_FILE = "Land/Land-Info.plist";
				PRODUCT_NAME = "$(TARGET_NAME)";
				WRAPPER_EXTENSION = app;
			};
			name = Release;
		};
		6773853B14D2251F00F1CDB7 /* Debug */ = {
			isa = XCBuildConfiguration;
			buildSettings = {
				BUNDLE_LOADER = "$(BUILT_PRODUCTS_DIR)/Land.app/Land";
				FRAMEWORK_SEARCH_PATHS = (
					"$(SDKROOT)/Developer/Library/Frameworks",
					"$(DEVELOPER_LIBRARY_DIR)/Frameworks",
				);
				GCC_PRECOMPILE_PREFIX_HEADER = YES;
				GCC_PREFIX_HEADER = "Land/Land-Prefix.pch";
				INFOPLIST_FILE = "LandTests/LandTests-Info.plist";
				PRODUCT_NAME = "$(TARGET_NAME)";
				TEST_HOST = "$(BUNDLE_LOADER)";
				WRAPPER_EXTENSION = octest;
			};
			name = Debug;
		};
		6773853C14D2251F00F1CDB7 /* Release */ = {
			isa = XCBuildConfiguration;
			buildSettings = {
				BUNDLE_LOADER = "$(BUILT_PRODUCTS_DIR)/Land.app/Land";
				FRAMEWORK_SEARCH_PATHS = (
					"$(SDKROOT)/Developer/Library/Frameworks",
					"$(DEVELOPER_LIBRARY_DIR)/Frameworks",
				);
				GCC_PRECOMPILE_PREFIX_HEADER = YES;
				GCC_PREFIX_HEADER = "Land/Land-Prefix.pch";
				INFOPLIST_FILE = "LandTests/LandTests-Info.plist";
				PRODUCT_NAME = "$(TARGET_NAME)";
				TEST_HOST = "$(BUNDLE_LOADER)";
				WRAPPER_EXTENSION = octest;
			};
			name = Release;
		};
/* End XCBuildConfiguration section */

/* Begin XCConfigurationList section */
		677384F514D2251F00F1CDB7 /* Build configuration list for PBXProject "Land" */ = {
			isa = XCConfigurationList;
			buildConfigurations = (
				6773853514D2251F00F1CDB7 /* Debug */,
				6773853614D2251F00F1CDB7 /* Release */,
			);
			defaultConfigurationIsVisible = 0;
			defaultConfigurationName = Release;
		};
		6773853714D2251F00F1CDB7 /* Build configuration list for PBXNativeTarget "Land" */ = {
			isa = XCConfigurationList;
			buildConfigurations = (
				6773853814D2251F00F1CDB7 /* Debug */,
				6773853914D2251F00F1CDB7 /* Release */,
			);
			defaultConfigurationIsVisible = 0;
			defaultConfigurationName = Release;
		};
		6773853A14D2251F00F1CDB7 /* Build configuration list for PBXNativeTarget "LandTests" */ = {
			isa = XCConfigurationList;
			buildConfigurations = (
				6773853B14D2251F00F1CDB7 /* Debug */,
				6773853C14D2251F00F1CDB7 /* Release */,
			);
			defaultConfigurationIsVisible = 0;
			defaultConfigurationName = Release;
		};
/* End XCConfigurationList section */

/* Begin XCVersionGroup section */
		6781816A14D35509009D1C18 /* Land.xcdatamodeld */ = {
			isa = XCVersionGroup;
			children = (
				6781816B14D35509009D1C18 /* Land.xcdatamodel */,
			);
			currentVersion = 6781816B14D35509009D1C18 /* Land.xcdatamodel */;
			path = Land.xcdatamodeld;
			sourceTree = "<group>";
			versionGroupType = wrapper.xcdatamodel;
		};
/* End XCVersionGroup section */
	};
	rootObject = 677384F214D2251F00F1CDB7 /* Project object */;
}
